<?xml version="1.0" encoding="utf-8"?>
<Project ToolsVersion="4.0" xmlns="http://schemas.microsoft.com/developer/msbuild/2003">
  <ItemGroup>
    <Filter Include="tests">
      <UniqueIdentifier>{9c99ac1a-26b9-4988-8977-5a56fc966bb9}</UniqueIdentifier>
    </Filter>
  </ItemGroup>
  <ItemGroup>
    <ClCompile Include="..\..\..\tests\test_dot.cpp">
      <Filter>tests</Filter>
    </ClCompile>
    <ClCompile Include="..\..\..\tests\test_object.cpp">
      <Filter>tests</Filter>
    </ClCompile>
    <ClCompile Include="..\..\..\tests\test_copyable.cpp">
      <Filter>tests</Filter>
    </ClCompile>
    <ClCompile Include="..\..\..\tests\test_scalar.cpp">
      <Filter>tests</Filter>
    </ClCompile>
  </ItemGroup>
</Project>