
Microsoft Visual Studio Solution File, Format Version 12.00
# Visual Studio 15
VisualStudioVersion = 15.0.27428.2037
MinimumVisualStudioVersion = 10.0.40219.1
Project("{8BC9CEB8-8B4A-11D0-8D11-00A0C91BC942}") = "dot", "dot\dot.vcxproj", "{6B311DD0-3E1C-4A6D-875D-C3B894C2ECD8}"
EndProject
Project("{8BC9CEB8-8B4A-11D0-8D11-00A0C91BC942}") = "test_dot", "test_dot\test_dot.vcxproj", "{08CEADF0-9C80-4D7D-AAC0-3D45B543457B}"
	ProjectSection(ProjectDependencies) = postProject
		{6B311DD0-3E1C-4A6D-875D-C3B894C2ECD8} = {6B311DD0-3E1C-4A6D-875D-C3B894C2ECD8}
	EndProjectSection
EndProject
Global
	GlobalSection(SolutionConfigurationPlatforms) = preSolution
		Debug|x64 = Debug|x64
		Release|x64 = Release|x64
	EndGlobalSection
	GlobalSection(ProjectConfigurationPlatforms) = postSolution
		{6B311DD0-3E1C-4A6D-875D-C3B894C2ECD8}.Debug|x64.ActiveCfg = Debug|x64
		{6B311DD0-3E1C-4A6D-875D-C3B894C2ECD8}.Debug|x64.Build.0 = Debug|x64
		{6B311DD0-3E1C-4A6D-875D-C3B894C2ECD8}.Release|x64.ActiveCfg = Release|x64
		{6B311DD0-3E1C-4A6D-875D-C3B894C2ECD8}.Release|x64.Build.0 = Release|x64
		{08CEADF0-9C80-4D7D-AAC0-3D45B543457B}.Debug|x64.ActiveCfg = Debug|x64
		{08CEADF0-9C80-4D7D-AAC0-3D45B543457B}.Debug|x64.Build.0 = Debug|x64
		{08CEADF0-9C80-4D7D-AAC0-3D45B543457B}.Release|x64.ActiveCfg = Release|x64
		{08CEADF0-9C80-4D7D-AAC0-3D45B543457B}.Release|x64.Build.0 = Release|x64
	EndGlobalSection
	GlobalSection(SolutionProperties) = preSolution
		HideSolutionNode = FALSE
	EndGlobalSection
	GlobalSection(ExtensibilityGlobals) = postSolution
		SolutionGuid = {8A6411FB-3425-4696-A757-774EA6D79746}
	EndGlobalSection
EndGlobal
