<?xml version="1.0" encoding="utf-8"?>
<Project ToolsVersion="4.0" xmlns="http://schemas.microsoft.com/developer/msbuild/2003">
  <ItemGroup>
    <Filter Include="include">
      <UniqueIdentifier>{b501d00b-31fd-4ebc-8e71-3652f42ed7d7}</UniqueIdentifier>
    </Filter>
    <Filter Include="include\dot">
      <UniqueIdentifier>{1096ef84-a48a-4738-848c-47065344963f}</UniqueIdentifier>
    </Filter>
    <Filter Include="sources">
      <UniqueIdentifier>{3b5ec5f8-f72a-4164-be04-1f931d4ea59c}</UniqueIdentifier>
    </Filter>
  </ItemGroup>
  <ItemGroup>
    <ClInclude Include="..\..\..\include\dot\public.h">
      <Filter>include\dot</Filter>
    </ClInclude>
    <ClInclude Include="..\..\..\include\dot\object.h">
      <Filter>include\dot</Filter>
    </ClInclude>
    <ClInclude Include="..\..\..\include\dot\type.h">
      <Filter>include\dot</Filter>
    </ClInclude>
    <ClInclude Include="..\..\..\include\dot\trace.h">
      <Filter>include\dot</Filter>
    </ClInclude>
    <ClInclude Include="..\..\..\include\dot\copyable.h">
      <Filter>include\dot</Filter>
    </ClInclude>
    <ClInclude Include="..\..\..\include\dot\test.h">
      <Filter>include\dot</Filter>
    </ClInclude>
    <ClInclude Include="..\..\..\include\dot\scalar.h">
      <Filter>include\dot</Filter>
    </ClInclude>
    <ClInclude Include="..\..\..\include\dot\stdfwd.h">
      <Filter>include\dot</Filter>
    </ClInclude>
    <ClInclude Include="..\..\..\include\dot\fail.h">
      <Filter>include\dot</Filter>
    </ClInclude>
    <ClInclude Include="..\..\..\include\dot\string.h">
      <Filter>include\dot</Filter>
    </ClInclude>
  </ItemGroup>
  <ItemGroup>
    <ClCompile Include="..\..\..\sources\object.cpp">
      <Filter>sources</Filter>
    </ClCompile>
    <ClCompile Include="..\..\..\sources\type.cpp">
      <Filter>sources</Filter>
    </ClCompile>
    <ClCompile Include="..\..\..\sources\trace.cpp">
      <Filter>sources</Filter>
    </ClCompile>
    <ClCompile Include="..\..\..\sources\test.cpp">
      <Filter>sources</Filter>
    </ClCompile>
    <ClCompile Include="..\..\..\sources\fail.cpp">
      <Filter>sources</Filter>
    </ClCompile>
    <ClCompile Include="..\..\..\sources\scalar.cpp">
      <Filter>sources</Filter>
    </ClCompile>
    <ClCompile Include="..\..\..\sources\string.cpp">
      <Filter>sources</Filter>
    </ClCompile>
  </ItemGroup>
</Project>